
Microsoft Visual Studio Solution File, Format Version 12.00
# Visual Studio Version 17
VisualStudioVersion = 17.0.31903.59
MinimumVisualStudioVersion = 10.0.40219.1
Project("{2150E333-8FDC-42A3-9474-1A3956D46DE8}") = "src", "src", "{827E0CD3-B72D-47B6-A68D-7590B98EB39B}"
EndProject
Project("{FAE04EC0-301F-11D3-BF4B-00C04F79EFBC}") = "EntJoy.Mathematics", "src\EntJoy.Mathematics\EntJoy.Mathematics.csproj", "{AE6A4E4B-FE26-42FE-868D-45739C207001}"
EndProject
Project("{FAE04EC0-301F-11D3-BF4B-00C04F79EFBC}") = "EntJoy.Collections", "src\EntJoy.Collections\EntJoy.Collections.csproj", "{A8A8E743-B068-4D1E-9041-43F36F96C097}"
EndProject
Project("{FAE04EC0-301F-11D3-BF4B-00C04F79EFBC}") = "EntJoy.Jobs", "src\EntJoy.Jobs\EntJoy.Jobs.csproj", "{8A683D43-7E36-484E-8261-6F871721AAC7}"
EndProject
Project("{FAE04EC0-301F-11D3-BF4B-00C04F79EFBC}") = "EntJoy.ECS", "src\EntJoy.ECS\EntJoy.ECS.csproj", "{EC6BD903-7D90-4E51-8D8B-7384A98999BC}"
EndProject
Project("{FAE04EC0-301F-11D3-BF4B-00C04F79EFBC}") = "EntJoy.ECS.SourceGenerator", "src\EntJoy.ECS.SourceGenerator\EntJoy.ECS.SourceGenerator.csproj", "{9647AB4C-11D7-4CFC-8A45-97166DBD253A}"
EndProject
Project("{FAE04EC0-301F-11D3-BF4B-00C04F79EFBC}") = "NativeTranspiler", "src\NativeTranspiler\NativeTranspiler.csproj", "{5C4E7E7F-A232-44DA-8FEC-B193E06A44D4}"
EndProject
Project("{FAE04EC0-301F-11D3-BF4B-00C04F79EFBC}") = "NativeTranspiler.Tasks", "src\NativeTranspiler.Tasks\NativeTranspiler.Tasks.csproj", "{FC548C76-6936-428D-87FB-BD6C9C67C83C}"
EndProject
Project("{2150E333-8FDC-42A3-9474-1A3956D46DE8}") = "samples", "samples", "{5D20AA90-6969-D8BD-9DCD-8634F4692FDA}"
EndProject
Project("{FAE04EC0-301F-11D3-BF4B-00C04F79EFBC}") = "EntJoySample", "samples\EntJoySample\EntJoySample.csproj", "{0EA3BFB1-4D2C-40E2-9F3C-3E2E404F82B6}"
EndProject
Project("{FAE04EC0-301F-11D3-BF4B-00C04F79EFBC}") = "Godot", "samples\Godot\Godot.csproj", "{541286FF-4C81-4CEA-9B12-7B49B7896BBB}"
EndProject
Global
	GlobalSection(SolutionConfigurationPlatforms) = preSolution
		Debug|Any CPU = Debug|Any CPU
		Debug|x64 = Debug|x64
		Debug|x86 = Debug|x86
		Release|Any CPU = Release|Any CPU
		Release|x64 = Release|x64
		Release|x86 = Release|x86
	EndGlobalSection
	GlobalSection(ProjectConfigurationPlatforms) = postSolution
		{AE6A4E4B-FE26-42FE-868D-45739C207001}.Debug|Any CPU.ActiveCfg = Debug|Any CPU
		{AE6A4E4B-FE26-42FE-868D-45739C207001}.Debug|Any CPU.Build.0 = Debug|Any CPU
		{AE6A4E4B-FE26-42FE-868D-45739C207001}.Debug|x64.ActiveCfg = Debug|Any CPU
		{AE6A4E4B-FE26-42FE-868D-45739C207001}.Debug|x64.Build.0 = Debug|Any CPU
		{AE6A4E4B-FE26-42FE-868D-45739C207001}.Debug|x86.ActiveCfg = Debug|Any CPU
		{AE6A4E4B-FE26-42FE-868D-45739C207001}.Debug|x86.Build.0 = Debug|Any CPU
		{AE6A4E4B-FE26-42FE-868D-45739C207001}.Release|Any CPU.ActiveCfg = Release|Any CPU
		{AE6A4E4B-FE26-42FE-868D-45739C207001}.Release|Any CPU.Build.0 = Release|Any CPU
		{AE6A4E4B-FE26-42FE-868D-45739C207001}.Release|x64.ActiveCfg = Release|Any CPU
		{AE6A4E4B-FE26-42FE-868D-45739C207001}.Release|x64.Build.0 = Release|Any CPU
		{AE6A4E4B-FE26-42FE-868D-45739C207001}.Release|x86.ActiveCfg = Release|Any CPU
		{AE6A4E4B-FE26-42FE-868D-45739C207001}.Release|x86.Build.0 = Release|Any CPU
		{A8A8E743-B068-4D1E-9041-43F36F96C097}.Debug|Any CPU.ActiveCfg = Debug|Any CPU
		{A8A8E743-B068-4D1E-9041-43F36F96C097}.Debug|Any CPU.Build.0 = Debug|Any CPU
		{A8A8E743-B068-4D1E-9041-43F36F96C097}.Debug|x64.ActiveCfg = Debug|Any CPU
		{A8A8E743-B068-4D1E-9041-43F36F96C097}.Debug|x64.Build.0 = Debug|Any CPU
		{A8A8E743-B068-4D1E-9041-43F36F96C097}.Debug|x86.ActiveCfg = Debug|Any CPU
		{A8A8E743-B068-4D1E-9041-43F36F96C097}.Debug|x86.Build.0 = Debug|Any CPU
		{A8A8E743-B068-4D1E-9041-43F36F96C097}.Release|Any CPU.ActiveCfg = Release|Any CPU
		{A8A8E743-B068-4D1E-9041-43F36F96C097}.Release|Any CPU.Build.0 = Release|Any CPU
		{A8A8E743-B068-4D1E-9041-43F36F96C097}.Release|x64.ActiveCfg = Release|Any CPU
		{A8A8E743-B068-4D1E-9041-43F36F96C097}.Release|x64.Build.0 = Release|Any CPU
		{A8A8E743-B068-4D1E-9041-43F36F96C097}.Release|x86.ActiveCfg = Release|Any CPU
		{A8A8E743-B068-4D1E-9041-43F36F96C097}.Release|x86.Build.0 = Release|Any CPU
		{8A683D43-7E36-484E-8261-6F871721AAC7}.Debug|Any CPU.ActiveCfg = Debug|Any CPU
		{8A683D43-7E36-484E-8261-6F871721AAC7}.Debug|Any CPU.Build.0 = Debug|Any CPU
		{8A683D43-7E36-484E-8261-6F871721AAC7}.Debug|x64.ActiveCfg = Debug|Any CPU
		{8A683D43-7E36-484E-8261-6F871721AAC7}.Debug|x64.Build.0 = Debug|Any CPU
		{8A683D43-7E36-484E-8261-6F871721AAC7}.Debug|x86.ActiveCfg = Debug|Any CPU
		{8A683D43-7E36-484E-8261-6F871721AAC7}.Debug|x86.Build.0 = Debug|Any CPU
		{8A683D43-7E36-484E-8261-6F871721AAC7}.Release|Any CPU.ActiveCfg = Release|Any CPU
		{8A683D43-7E36-484E-8261-6F871721AAC7}.Release|Any CPU.Build.0 = Release|Any CPU
		{8A683D43-7E36-484E-8261-6F871721AAC7}.Release|x64.ActiveCfg = Release|Any CPU
		{8A683D43-7E36-484E-8261-6F871721AAC7}.Release|x64.Build.0 = Release|Any CPU
		{8A683D43-7E36-484E-8261-6F871721AAC7}.Release|x86.ActiveCfg = Release|Any CPU
		{8A683D43-7E36-484E-8261-6F871721AAC7}.Release|x86.Build.0 = Release|Any CPU
		{EC6BD903-7D90-4E51-8D8B-7384A98999BC}.Debug|Any CPU.ActiveCfg = Debug|Any CPU
		{EC6BD903-7D90-4E51-8D8B-7384A98999BC}.Debug|Any CPU.Build.0 = Debug|Any CPU
		{EC6BD903-7D90-4E51-8D8B-7384A98999BC}.Debug|x64.ActiveCfg = Debug|Any CPU
		{EC6BD903-7D90-4E51-8D8B-7384A98999BC}.Debug|x64.Build.0 = Debug|Any CPU
		{EC6BD903-7D90-4E51-8D8B-7384A98999BC}.Debug|x86.ActiveCfg = Debug|Any CPU
		{EC6BD903-7D90-4E51-8D8B-7384A98999BC}.Debug|x86.Build.0 = Debug|Any CPU
		{EC6BD903-7D90-4E51-8D8B-7384A98999BC}.Release|Any CPU.ActiveCfg = Release|Any CPU
		{EC6BD903-7D90-4E51-8D8B-7384A98999BC}.Release|Any CPU.Build.0 = Release|Any CPU
		{EC6BD903-7D90-4E51-8D8B-7384A98999BC}.Release|x64.ActiveCfg = Release|Any CPU
		{EC6BD903-7D90-4E51-8D8B-7384A98999BC}.Release|x64.Build.0 = Release|Any CPU
		{EC6BD903-7D90-4E51-8D8B-7384A98999BC}.Release|x86.ActiveCfg = Release|Any CPU
		{EC6BD903-7D90-4E51-8D8B-7384A98999BC}.Release|x86.Build.0 = Release|Any CPU
		{9647AB4C-11D7-4CFC-8A45-97166DBD253A}.Debug|Any CPU.ActiveCfg = Debug|Any CPU
		{9647AB4C-11D7-4CFC-8A45-97166DBD253A}.Debug|Any CPU.Build.0 = Debug|Any CPU
		{9647AB4C-11D7-4CFC-8A45-97166DBD253A}.Debug|x64.ActiveCfg = Debug|Any CPU
		{9647AB4C-11D7-4CFC-8A45-97166DBD253A}.Debug|x64.Build.0 = Debug|Any CPU
		{9647AB4C-11D7-4CFC-8A45-97166DBD253A}.Debug|x86.ActiveCfg = Debug|Any CPU
		{9647AB4C-11D7-4CFC-8A45-97166DBD253A}.Debug|x86.Build.0 = Debug|Any CPU
		{9647AB4C-11D7-4CFC-8A45-97166DBD253A}.Release|Any CPU.ActiveCfg = Release|Any CPU
		{9647AB4C-11D7-4CFC-8A45-97166DBD253A}.Release|Any CPU.Build.0 = Release|Any CPU
		{9647AB4C-11D7-4CFC-8A45-97166DBD253A}.Release|x64.ActiveCfg = Release|Any CPU
		{9647AB4C-11D7-4CFC-8A45-97166DBD253A}.Release|x64.Build.0 = Release|Any CPU
		{9647AB4C-11D7-4CFC-8A45-97166DBD253A}.Release|x86.ActiveCfg = Release|Any CPU
		{9647AB4C-11D7-4CFC-8A45-97166DBD253A}.Release|x86.Build.0 = Release|Any CPU
		{5C4E7E7F-A232-44DA-8FEC-B193E06A44D4}.Debug|Any CPU.ActiveCfg = Debug|Any CPU
		{5C4E7E7F-A232-44DA-8FEC-B193E06A44D4}.Debug|Any CPU.Build.0 = Debug|Any CPU
		{5C4E7E7F-A232-44DA-8FEC-B193E06A44D4}.Debug|x64.ActiveCfg = Debug|Any CPU
		{5C4E7E7F-A232-44DA-8FEC-B193E06A44D4}.Debug|x64.Build.0 = Debug|Any CPU
		{5C4E7E7F-A232-44DA-8FEC-B193E06A44D4}.Debug|x86.ActiveCfg = Debug|Any CPU
		{5C4E7E7F-A232-44DA-8FEC-B193E06A44D4}.Debug|x86.Build.0 = Debug|Any CPU
		{5C4E7E7F-A232-44DA-8FEC-B193E06A44D4}.Release|Any CPU.ActiveCfg = Release|Any CPU
		{5C4E7E7F-A232-44DA-8FEC-B193E06A44D4}.Release|Any CPU.Build.0 = Release|Any CPU
		{5C4E7E7F-A232-44DA-8FEC-B193E06A44D4}.Release|x64.ActiveCfg = Release|Any CPU
		{5C4E7E7F-A232-44DA-8FEC-B193E06A44D4}.Release|x64.Build.0 = Release|Any CPU
		{5C4E7E7F-A232-44DA-8FEC-B193E06A44D4}.Release|x86.ActiveCfg = Release|Any CPU
		{5C4E7E7F-A232-44DA-8FEC-B193E06A44D4}.Release|x86.Build.0 = Release|Any CPU
		{FC548C76-6936-428D-87FB-BD6C9C67C83C}.Debug|Any CPU.ActiveCfg = Debug|Any CPU
		{FC548C76-6936-428D-87FB-BD6C9C67C83C}.Debug|Any CPU.Build.0 = Debug|Any CPU
		{FC548C76-6936-428D-87FB-BD6C9C67C83C}.Debug|x64.ActiveCfg = Debug|Any CPU
		{FC548C76-6936-428D-87FB-BD6C9C67C83C}.Debug|x64.Build.0 = Debug|Any CPU
		{FC548C76-6936-428D-87FB-BD6C9C67C83C}.Debug|x86.ActiveCfg = Debug|Any CPU
		{FC548C76-6936-428D-87FB-BD6C9C67C83C}.Debug|x86.Build.0 = Debug|Any CPU
		{FC548C76-6936-428D-87FB-BD6C9C67C83C}.Release|Any CPU.ActiveCfg = Release|Any CPU
		{FC548C76-6936-428D-87FB-BD6C9C67C83C}.Release|Any CPU.Build.0 = Release|Any CPU
		{FC548C76-6936-428D-87FB-BD6C9C67C83C}.Release|x64.ActiveCfg = Release|Any CPU
		{FC548C76-6936-428D-87FB-BD6C9C67C83C}.Release|x64.Build.0 = Release|Any CPU
		{FC548C76-6936-428D-87FB-BD6C9C67C83C}.Release|x86.ActiveCfg = Release|Any CPU
		{FC548C76-6936-428D-87FB-BD6C9C67C83C}.Release|x86.Build.0 = Release|Any CPU
		{0EA3BFB1-4D2C-40E2-9F3C-3E2E404F82B6}.Debug|Any CPU.ActiveCfg = Debug|Any CPU
		{0EA3BFB1-4D2C-40E2-9F3C-3E2E404F82B6}.Debug|Any CPU.Build.0 = Debug|Any CPU
		{0EA3BFB1-4D2C-40E2-9F3C-3E2E404F82B6}.Debug|x64.ActiveCfg = Debug|Any CPU
		{0EA3BFB1-4D2C-40E2-9F3C-3E2E404F82B6}.Debug|x64.Build.0 = Debug|Any CPU
		{0EA3BFB1-4D2C-40E2-9F3C-3E2E404F82B6}.Debug|x86.ActiveCfg = Debug|Any CPU
		{0EA3BFB1-4D2C-40E2-9F3C-3E2E404F82B6}.Debug|x86.Build.0 = Debug|Any CPU
		{0EA3BFB1-4D2C-40E2-9F3C-3E2E404F82B6}.Release|Any CPU.ActiveCfg = Release|Any CPU
		{0EA3BFB1-4D2C-40E2-9F3C-3E2E404F82B6}.Release|Any CPU.Build.0 = Release|Any CPU
		{0EA3BFB1-4D2C-40E2-9F3C-3E2E404F82B6}.Release|x64.ActiveCfg = Release|Any CPU
		{0EA3BFB1-4D2C-40E2-9F3C-3E2E404F82B6}.Release|x64.Build.0 = Release|Any CPU
		{0EA3BFB1-4D2C-40E2-9F3C-3E2E404F82B6}.Release|x86.ActiveCfg = Release|Any CPU
		{0EA3BFB1-4D2C-40E2-9F3C-3E2E404F82B6}.Release|x86.Build.0 = Release|Any CPU
		{541286FF-4C81-4CEA-9B12-7B49B7896BBB}.Debug|Any CPU.ActiveCfg = Debug|Any CPU
		{541286FF-4C81-4CEA-9B12-7B49B7896BBB}.Debug|Any CPU.Build.0 = Debug|Any CPU
		{541286FF-4C81-4CEA-9B12-7B49B7896BBB}.Debug|x64.ActiveCfg = Debug|Any CPU
		{541286FF-4C81-4CEA-9B12-7B49B7896BBB}.Debug|x64.Build.0 = Debug|Any CPU
		{541286FF-4C81-4CEA-9B12-7B49B7896BBB}.Debug|x86.ActiveCfg = Debug|Any CPU
		{541286FF-4C81-4CEA-9B12-7B49B7896BBB}.Debug|x86.Build.0 = Debug|Any CPU
		{541286FF-4C81-4CEA-9B12-7B49B7896BBB}.Release|Any CPU.ActiveCfg = Debug|Any CPU
		{541286FF-4C81-4CEA-9B12-7B49B7896BBB}.Release|Any CPU.Build.0 = Debug|Any CPU
		{541286FF-4C81-4CEA-9B12-7B49B7896BBB}.Release|x64.ActiveCfg = Debug|Any CPU
		{541286FF-4C81-4CEA-9B12-7B49B7896BBB}.Release|x64.Build.0 = Debug|Any CPU
		{541286FF-4C81-4CEA-9B12-7B49B7896BBB}.Release|x86.ActiveCfg = Debug|Any CPU
		{541286FF-4C81-4CEA-9B12-7B49B7896BBB}.Release|x86.Build.0 = Debug|Any CPU
	EndGlobalSection
	GlobalSection(SolutionProperties) = preSolution
		HideSolutionNode = FALSE
	EndGlobalSection
	GlobalSection(NestedProjects) = preSolution
		{AE6A4E4B-FE26-42FE-868D-45739C207001} = {827E0CD3-B72D-47B6-A68D-7590B98EB39B}
		{A8A8E743-B068-4D1E-9041-43F36F96C097} = {827E0CD3-B72D-47B6-A68D-7590B98EB39B}
		{8A683D43-7E36-484E-8261-6F871721AAC7} = {827E0CD3-B72D-47B6-A68D-7590B98EB39B}
		{EC6BD903-7D90-4E51-8D8B-7384A98999BC} = {827E0CD3-B72D-47B6-A68D-7590B98EB39B}
		{9647AB4C-11D7-4CFC-8A45-97166DBD253A} = {827E0CD3-B72D-47B6-A68D-7590B98EB39B}
		{5C4E7E7F-A232-44DA-8FEC-B193E06A44D4} = {827E0CD3-B72D-47B6-A68D-7590B98EB39B}
		{FC548C76-6936-428D-87FB-BD6C9C67C83C} = {827E0CD3-B72D-47B6-A68D-7590B98EB39B}
		{0EA3BFB1-4D2C-40E2-9F3C-3E2E404F82B6} = {5D20AA90-6969-D8BD-9DCD-8634F4692FDA}
		{541286FF-4C81-4CEA-9B12-7B49B7896BBB} = {5D20AA90-6969-D8BD-9DCD-8634F4692FDA}
	EndGlobalSection
EndGlobal
