
Microsoft Visual Studio Solution File, Format Version 12.00
# Visual Studio Version 17
VisualStudioVersion = 17.14.36221.1
MinimumVisualStudioVersion = 10.0.40219.1
Project("{FAE04EC0-301F-11D3-BF4B-00C04F79EFBC}") = "EntJoy_godot", "EntJoy_godot.csproj", "{901AA915-9E8A-4C80-9097-00B07364BC06}"
EndProject
Project("{FAE04EC0-301F-11D3-BF4B-00C04F79EFBC}") = "EntJoy.SourceGenerator", "..\EntJoy.SourceGenerator\EntJoy.SourceGenerator.csproj", "{0CAB03A9-301B-0411-6CB0-7D6B6F86D405}"
EndProject
Global
	GlobalSection(SolutionConfigurationPlatforms) = preSolution
		Debug|Any CPU = Debug|Any CPU
		ExportDebug|Any CPU = ExportDebug|Any CPU
		ExportRelease|Any CPU = ExportRelease|Any CPU
	EndGlobalSection
	GlobalSection(ProjectConfigurationPlatforms) = postSolution
		{901AA915-9E8A-4C80-9097-00B07364BC06}.Debug|Any CPU.ActiveCfg = Debug|Any CPU
		{901AA915-9E8A-4C80-9097-00B07364BC06}.Debug|Any CPU.Build.0 = Debug|Any CPU
		{901AA915-9E8A-4C80-9097-00B07364BC06}.ExportDebug|Any CPU.ActiveCfg = ExportDebug|Any CPU
		{901AA915-9E8A-4C80-9097-00B07364BC06}.ExportDebug|Any CPU.Build.0 = ExportDebug|Any CPU
		{901AA915-9E8A-4C80-9097-00B07364BC06}.ExportRelease|Any CPU.ActiveCfg = ExportRelease|Any CPU
		{901AA915-9E8A-4C80-9097-00B07364BC06}.ExportRelease|Any CPU.Build.0 = ExportRelease|Any CPU
		{0CAB03A9-301B-0411-6CB0-7D6B6F86D405}.Debug|Any CPU.ActiveCfg = Debug|Any CPU
		{0CAB03A9-301B-0411-6CB0-7D6B6F86D405}.Debug|Any CPU.Build.0 = Debug|Any CPU
		{0CAB03A9-301B-0411-6CB0-7D6B6F86D405}.ExportDebug|Any CPU.ActiveCfg = Release|Any CPU
		{0CAB03A9-301B-0411-6CB0-7D6B6F86D405}.ExportDebug|Any CPU.Build.0 = Release|Any CPU
		{0CAB03A9-301B-0411-6CB0-7D6B6F86D405}.ExportRelease|Any CPU.ActiveCfg = Release|Any CPU
		{0CAB03A9-301B-0411-6CB0-7D6B6F86D405}.ExportRelease|Any CPU.Build.0 = Release|Any CPU
	EndGlobalSection
	GlobalSection(SolutionProperties) = preSolution
		HideSolutionNode = FALSE
	EndGlobalSection
	GlobalSection(ExtensibilityGlobals) = postSolution
		SolutionGuid = {EAC13CBC-F395-4F6E-A7F9-0E33D0FF699A}
	EndGlobalSection
EndGlobal
